{
    "name": "csfg-interactive-jpeg-compression",
    "version": "1.0.0",
    "lockfileVersion": 2,
    "requires": true,
    "packages": {
        "": {
            "name": "csfg-interactive-jpeg-compression",
            "version": "1.0.0",
            "dependencies": {
                "dct": "0.1.0",
                "interactjs": "1.10.17"
            }
        },
        "node_modules/@interactjs/types": {
            "version": "1.10.17",
            "resolved": "https://registry.npmjs.org/@interactjs/types/-/types-1.10.17.tgz",
            "integrity": "sha512-X2JpoM7xUw0p9Me0tMaI0HNfcF/Hd07ZZlzpnpEMpGerUZOLoyeThrV9P+CrBHxZrluWJrigJbcdqXliFd0YMA=="
        },
        "node_modules/dct": {
            "version": "0.1.0",
            "resolved": "https://registry.npmjs.org/dct/-/dct-0.1.0.tgz",
            "integrity": "sha512-/uUtEniuMq1aUxvLAoDtAduyl12oM1zhA/le2f83UFN/9+4KDHXFB6znEfoj5SDDLiTpUTr26NpxC7t8IFOYhQ==",
            "engines": {
                "node": ">=0.12.0"
            }
        },
        "node_modules/interactjs": {
            "version": "1.10.17",
            "resolved": "https://registry.npmjs.org/interactjs/-/interactjs-1.10.17.tgz",
            "integrity": "sha512-grjHJgnWkCoQLmAlk2yalNd1r0ztUhXLJNVjSOfWn1wfNNgU2tx1cDEkro9WYerDNC9UG3MZTeD4O6zOM5gbIA==",
            "dependencies": {
                "@interactjs/types": "1.10.17"
            }
        }
    },
    "dependencies": {
        "@interactjs/types": {
            "version": "1.10.17",
            "resolved": "https://registry.npmjs.org/@interactjs/types/-/types-1.10.17.tgz",
            "integrity": "sha512-X2JpoM7xUw0p9Me0tMaI0HNfcF/Hd07ZZlzpnpEMpGerUZOLoyeThrV9P+CrBHxZrluWJrigJbcdqXliFd0YMA=="
        },
        "dct": {
            "version": "0.1.0",
            "resolved": "https://registry.npmjs.org/dct/-/dct-0.1.0.tgz",
            "integrity": "sha512-/uUtEniuMq1aUxvLAoDtAduyl12oM1zhA/le2f83UFN/9+4KDHXFB6znEfoj5SDDLiTpUTr26NpxC7t8IFOYhQ=="
        },
        "interactjs": {
            "version": "1.10.17",
            "resolved": "https://registry.npmjs.org/interactjs/-/interactjs-1.10.17.tgz",
            "integrity": "sha512-grjHJgnWkCoQLmAlk2yalNd1r0ztUhXLJNVjSOfWn1wfNNgU2tx1cDEkro9WYerDNC9UG3MZTeD4O6zOM5gbIA==",
            "requires": {
                "@interactjs/types": "1.10.17"
            }
        }
    }
}
