{
    "name": "csfg-interactive-jpeg-compression",
    "version": "1.0.0",
    "lockfileVersion": 2,
    "requires": true,
    "packages": {
        "": {
            "name": "csfg-interactive-jpeg-compression",
            "version": "1.0.0",
            "dependencies": {
                "dct": "0.1.0",
                "interactjs": "1.10.18"
            }
        },
        "node_modules/@interactjs/types": {
            "version": "1.10.18",
            "resolved": "https://registry.npmjs.org/@interactjs/types/-/types-1.10.18.tgz",
            "integrity": "sha512-3a+2Kx6PhA60ekxImRQJl+EyT4lD0/kd3/PveyaLtgfNxkxnSWdUq7Ixo3Y/t1lon4EqVGZQgp+qj/QNaEs6qA=="
        },
        "node_modules/dct": {
            "version": "0.1.0",
            "resolved": "https://registry.npmjs.org/dct/-/dct-0.1.0.tgz",
            "integrity": "sha512-/uUtEniuMq1aUxvLAoDtAduyl12oM1zhA/le2f83UFN/9+4KDHXFB6znEfoj5SDDLiTpUTr26NpxC7t8IFOYhQ==",
            "engines": {
                "node": ">=0.12.0"
            }
        },
        "node_modules/interactjs": {
            "version": "1.10.18",
            "resolved": "https://registry.npmjs.org/interactjs/-/interactjs-1.10.18.tgz",
            "integrity": "sha512-ho+Qgr5U3b3oz23Iv7MkIZGoWaTsSCRnrCL34Dtjzs5eFghwpESJeiPj9RhYKc/SgRJL9anR+2OQxFsCg4PmLA==",
            "dependencies": {
                "@interactjs/types": "1.10.18"
            }
        }
    },
    "dependencies": {
        "@interactjs/types": {
            "version": "1.10.18",
            "resolved": "https://registry.npmjs.org/@interactjs/types/-/types-1.10.18.tgz",
            "integrity": "sha512-3a+2Kx6PhA60ekxImRQJl+EyT4lD0/kd3/PveyaLtgfNxkxnSWdUq7Ixo3Y/t1lon4EqVGZQgp+qj/QNaEs6qA=="
        },
        "dct": {
            "version": "0.1.0",
            "resolved": "https://registry.npmjs.org/dct/-/dct-0.1.0.tgz",
            "integrity": "sha512-/uUtEniuMq1aUxvLAoDtAduyl12oM1zhA/le2f83UFN/9+4KDHXFB6znEfoj5SDDLiTpUTr26NpxC7t8IFOYhQ=="
        },
        "interactjs": {
            "version": "1.10.18",
            "resolved": "https://registry.npmjs.org/interactjs/-/interactjs-1.10.18.tgz",
            "integrity": "sha512-ho+Qgr5U3b3oz23Iv7MkIZGoWaTsSCRnrCL34Dtjzs5eFghwpESJeiPj9RhYKc/SgRJL9anR+2OQxFsCg4PmLA==",
            "requires": {
                "@interactjs/types": "1.10.18"
            }
        }
    }
}
