{
    "name": "csfg-interactive-jpeg-compression",
    "version": "1.0.0",
    "lockfileVersion": 2,
    "requires": true,
    "packages": {
        "": {
            "name": "csfg-interactive-jpeg-compression",
            "version": "1.0.0",
            "dependencies": {
                "dct": "0.1.0",
                "interactjs": "1.10.27"
            }
        },
        "node_modules/@interactjs/types": {
            "version": "1.10.27",
            "resolved": "https://registry.npmjs.org/@interactjs/types/-/types-1.10.27.tgz",
            "integrity": "sha512-BUdv0cvs4H5ODuwft2Xp4eL8Vmi3LcihK42z0Ft/FbVJZoRioBsxH+LlsBdK4tAie7PqlKGy+1oyOncu1nQ6eA=="
        },
        "node_modules/dct": {
            "version": "0.1.0",
            "resolved": "https://registry.npmjs.org/dct/-/dct-0.1.0.tgz",
            "integrity": "sha512-/uUtEniuMq1aUxvLAoDtAduyl12oM1zhA/le2f83UFN/9+4KDHXFB6znEfoj5SDDLiTpUTr26NpxC7t8IFOYhQ==",
            "engines": {
                "node": ">=0.12.0"
            }
        },
        "node_modules/interactjs": {
            "version": "1.10.27",
            "resolved": "https://registry.npmjs.org/interactjs/-/interactjs-1.10.27.tgz",
            "integrity": "sha512-y/8RcCftGAF24gSp76X2JS3XpHiUvDQyhF8i7ujemBz77hwiHDuJzftHx7thY8cxGogwGiPJ+o97kWB6eAXnsA==",
            "dependencies": {
                "@interactjs/types": "1.10.27"
            }
        }
    },
    "dependencies": {
        "@interactjs/types": {
            "version": "1.10.27",
            "resolved": "https://registry.npmjs.org/@interactjs/types/-/types-1.10.27.tgz",
            "integrity": "sha512-BUdv0cvs4H5ODuwft2Xp4eL8Vmi3LcihK42z0Ft/FbVJZoRioBsxH+LlsBdK4tAie7PqlKGy+1oyOncu1nQ6eA=="
        },
        "dct": {
            "version": "0.1.0",
            "resolved": "https://registry.npmjs.org/dct/-/dct-0.1.0.tgz",
            "integrity": "sha512-/uUtEniuMq1aUxvLAoDtAduyl12oM1zhA/le2f83UFN/9+4KDHXFB6znEfoj5SDDLiTpUTr26NpxC7t8IFOYhQ=="
        },
        "interactjs": {
            "version": "1.10.27",
            "resolved": "https://registry.npmjs.org/interactjs/-/interactjs-1.10.27.tgz",
            "integrity": "sha512-y/8RcCftGAF24gSp76X2JS3XpHiUvDQyhF8i7ujemBz77hwiHDuJzftHx7thY8cxGogwGiPJ+o97kWB6eAXnsA==",
            "requires": {
                "@interactjs/types": "1.10.27"
            }
        }
    }
}
