{
    "name": "csfg-interactive-shannon-experiment",
    "version": "1.0.0",
    "lockfileVersion": 2,
    "requires": true,
    "packages": {
        "": {
            "name": "csfg-interactive-shannon-experiment",
            "version": "1.0.0",
            "dependencies": {
                "chart.js": "3.9.1"
            }
        },
        "node_modules/chart.js": {
            "version": "3.9.1",
            "resolved": "https://registry.npmjs.org/chart.js/-/chart.js-3.9.1.tgz",
            "integrity": "sha512-Ro2JbLmvg83gXF5F4sniaQ+lTbSv18E+TIf2cOeiH1Iqd2PGFOtem+DUufMZsCJwFE7ywPOpfXFBwRTGq7dh6w=="
        }
    },
    "dependencies": {
        "chart.js": {
            "version": "3.9.1",
            "resolved": "https://registry.npmjs.org/chart.js/-/chart.js-3.9.1.tgz",
            "integrity": "sha512-Ro2JbLmvg83gXF5F4sniaQ+lTbSv18E+TIf2cOeiH1Iqd2PGFOtem+DUufMZsCJwFE7ywPOpfXFBwRTGq7dh6w=="
        }
    }
}
