{
    "name": "csfg-interactive-colour-matcher",
    "version": "1.0.0",
    "lockfileVersion": 2,
    "requires": true,
    "packages": {
        "": {
            "name": "csfg-interactive-colour-matcher",
            "version": "1.0.0",
            "dependencies": {
                "nouislider": "15.6.1",
                "wnumb": "1.2.0"
            }
        },
        "node_modules/nouislider": {
            "version": "15.6.1",
            "resolved": "https://registry.npmjs.org/nouislider/-/nouislider-15.6.1.tgz",
            "integrity": "sha512-1T5AfeEMGrGM87UJ+qAHvauPfCe/woOjYV/o29fp21+XgGuGpkM1Udo7mPHnidu4+cxlj35rDBWKiA6Mefemrg=="
        },
        "node_modules/wnumb": {
            "version": "1.2.0",
            "resolved": "https://registry.npmjs.org/wnumb/-/wnumb-1.2.0.tgz",
            "integrity": "sha512-eYut5K/dW7usfk/Mwm6nxBNoTPp/uP7PlXld+hhg7lDtHLdHFnNclywGYM9BRC7Ohd4JhwuHg+vmOUGfd3NhVA=="
        }
    },
    "dependencies": {
        "nouislider": {
            "version": "15.6.1",
            "resolved": "https://registry.npmjs.org/nouislider/-/nouislider-15.6.1.tgz",
            "integrity": "sha512-1T5AfeEMGrGM87UJ+qAHvauPfCe/woOjYV/o29fp21+XgGuGpkM1Udo7mPHnidu4+cxlj35rDBWKiA6Mefemrg=="
        },
        "wnumb": {
            "version": "1.2.0",
            "resolved": "https://registry.npmjs.org/wnumb/-/wnumb-1.2.0.tgz",
            "integrity": "sha512-eYut5K/dW7usfk/Mwm6nxBNoTPp/uP7PlXld+hhg7lDtHLdHFnNclywGYM9BRC7Ohd4JhwuHg+vmOUGfd3NhVA=="
        }
    }
}
