{
    "name": "csfg-interactive-colour-matcher",
    "version": "1.0.0",
    "lockfileVersion": 2,
    "requires": true,
    "packages": {
        "": {
            "name": "csfg-interactive-colour-matcher",
            "version": "1.0.0",
            "dependencies": {
                "nouislider": "15.8.1",
                "wnumb": "1.2.0"
            }
        },
        "node_modules/nouislider": {
            "version": "15.8.1",
            "resolved": "https://registry.npmjs.org/nouislider/-/nouislider-15.8.1.tgz",
            "integrity": "sha512-93TweAi8kqntHJSPiSWQ1o/uZ29VWOmal9YKb6KKGGlCkugaNfAupT7o1qTHqdJvNQ7S0su5rO6qRFCjP8fxtw=="
        },
        "node_modules/wnumb": {
            "version": "1.2.0",
            "resolved": "https://registry.npmjs.org/wnumb/-/wnumb-1.2.0.tgz",
            "integrity": "sha512-eYut5K/dW7usfk/Mwm6nxBNoTPp/uP7PlXld+hhg7lDtHLdHFnNclywGYM9BRC7Ohd4JhwuHg+vmOUGfd3NhVA=="
        }
    },
    "dependencies": {
        "nouislider": {
            "version": "15.8.1",
            "resolved": "https://registry.npmjs.org/nouislider/-/nouislider-15.8.1.tgz",
            "integrity": "sha512-93TweAi8kqntHJSPiSWQ1o/uZ29VWOmal9YKb6KKGGlCkugaNfAupT7o1qTHqdJvNQ7S0su5rO6qRFCjP8fxtw=="
        },
        "wnumb": {
            "version": "1.2.0",
            "resolved": "https://registry.npmjs.org/wnumb/-/wnumb-1.2.0.tgz",
            "integrity": "sha512-eYut5K/dW7usfk/Mwm6nxBNoTPp/uP7PlXld+hhg7lDtHLdHFnNclywGYM9BRC7Ohd4JhwuHg+vmOUGfd3NhVA=="
        }
    }
}
