{
    "name": "csfg-interactive-cmy-mixer",
    "version": "1.0.0",
    "lockfileVersion": 2,
    "requires": true,
    "packages": {
        "": {
            "name": "csfg-interactive-cmy-mixer",
            "version": "1.0.0",
            "dependencies": {
                "nouislider": "15.7.1"
            }
        },
        "node_modules/nouislider": {
            "version": "15.7.1",
            "resolved": "https://registry.npmjs.org/nouislider/-/nouislider-15.7.1.tgz",
            "integrity": "sha512-5N7C1ru/i8y3dg9+Z6ilj6+m1EfabvOoaRa7ztpxBSKKRZso4vA52DGSbBJjw5XLtFr/LZ9SgGAXqyVtlVHO5w=="
        }
    },
    "dependencies": {
        "nouislider": {
            "version": "15.7.1",
            "resolved": "https://registry.npmjs.org/nouislider/-/nouislider-15.7.1.tgz",
            "integrity": "sha512-5N7C1ru/i8y3dg9+Z6ilj6+m1EfabvOoaRa7ztpxBSKKRZso4vA52DGSbBJjw5XLtFr/LZ9SgGAXqyVtlVHO5w=="
        }
    }
}
