{
    "name": "csfg-interactive-cmy-mixer",
    "version": "1.0.0",
    "lockfileVersion": 2,
    "requires": true,
    "packages": {
        "": {
            "name": "csfg-interactive-cmy-mixer",
            "version": "1.0.0",
            "dependencies": {
                "nouislider": "15.6.1"
            }
        },
        "node_modules/nouislider": {
            "version": "15.6.1",
            "resolved": "https://registry.npmjs.org/nouislider/-/nouislider-15.6.1.tgz",
            "integrity": "sha512-1T5AfeEMGrGM87UJ+qAHvauPfCe/woOjYV/o29fp21+XgGuGpkM1Udo7mPHnidu4+cxlj35rDBWKiA6Mefemrg=="
        }
    },
    "dependencies": {
        "nouislider": {
            "version": "15.6.1",
            "resolved": "https://registry.npmjs.org/nouislider/-/nouislider-15.6.1.tgz",
            "integrity": "sha512-1T5AfeEMGrGM87UJ+qAHvauPfCe/woOjYV/o29fp21+XgGuGpkM1Udo7mPHnidu4+cxlj35rDBWKiA6Mefemrg=="
        }
    }
}
