{
    "name": "csfg-interactive-cmy-mixer",
    "version": "1.0.0",
    "lockfileVersion": 2,
    "requires": true,
    "packages": {
        "": {
            "name": "csfg-interactive-cmy-mixer",
            "version": "1.0.0",
            "dependencies": {
                "nouislider": "15.8.0"
            }
        },
        "node_modules/nouislider": {
            "version": "15.8.0",
            "resolved": "https://registry.npmjs.org/nouislider/-/nouislider-15.8.0.tgz",
            "integrity": "sha512-E7Rvt2Uc5IIl7Hv7+mO8XH8uFyqe3ofxi5j2QMi2B7w8JHVLAEzTpgDBk0oYZBaplsk60QOso3qrq8qk3JPHEQ=="
        }
    },
    "dependencies": {
        "nouislider": {
            "version": "15.8.0",
            "resolved": "https://registry.npmjs.org/nouislider/-/nouislider-15.8.0.tgz",
            "integrity": "sha512-E7Rvt2Uc5IIl7Hv7+mO8XH8uFyqe3ofxi5j2QMi2B7w8JHVLAEzTpgDBk0oYZBaplsk60QOso3qrq8qk3JPHEQ=="
        }
    }
}
