{
    "name": "csfg-interactive-python-interpreter",
    "version": "1.0.0",
    "lockfileVersion": 2,
    "requires": true,
    "packages": {
        "": {
            "name": "csfg-interactive-python-interpreter",
            "version": "1.0.0",
            "dependencies": {
                "skulpt": "1.2.0"
            }
        },
        "node_modules/jsbi": {
            "version": "3.2.5",
            "resolved": "https://registry.npmjs.org/jsbi/-/jsbi-3.2.5.tgz",
            "integrity": "sha512-aBE4n43IPvjaddScbvWRA2YlTzKEynHzu7MqOyTipdHucf/VxS63ViCjxYRg86M8Rxwbt/GfzHl1kKERkt45fQ=="
        },
        "node_modules/skulpt": {
            "version": "1.2.0",
            "resolved": "https://registry.npmjs.org/skulpt/-/skulpt-1.2.0.tgz",
            "integrity": "sha512-T0cv0sdSOXLlIJTuyXSeYJ3TFdWYSZfX2PcBLpRKrKZ3dTbVQXRMiYudSuko2xzcyMif47DS2ShatCwjCbsSsA==",
            "dependencies": {
                "jsbi": "^3.1.4"
            },
            "engines": {
                "node": ">=10.4"
            }
        }
    },
    "dependencies": {
        "jsbi": {
            "version": "3.2.5",
            "resolved": "https://registry.npmjs.org/jsbi/-/jsbi-3.2.5.tgz",
            "integrity": "sha512-aBE4n43IPvjaddScbvWRA2YlTzKEynHzu7MqOyTipdHucf/VxS63ViCjxYRg86M8Rxwbt/GfzHl1kKERkt45fQ=="
        },
        "skulpt": {
            "version": "1.2.0",
            "resolved": "https://registry.npmjs.org/skulpt/-/skulpt-1.2.0.tgz",
            "integrity": "sha512-T0cv0sdSOXLlIJTuyXSeYJ3TFdWYSZfX2PcBLpRKrKZ3dTbVQXRMiYudSuko2xzcyMif47DS2ShatCwjCbsSsA==",
            "requires": {
                "jsbi": "^3.1.4"
            }
        }
    }
}
