{
    "name": "csfg-interactive-big-number-calculator",
    "version": "1.0.0",
    "lockfileVersion": 2,
    "requires": true,
    "packages": {
        "": {
            "name": "csfg-interactive-big-number-calculator",
            "version": "1.0.0",
            "dependencies": {
                "big.js": "6.2.2"
            }
        },
        "node_modules/big.js": {
            "version": "6.2.2",
            "resolved": "https://registry.npmjs.org/big.js/-/big.js-6.2.2.tgz",
            "integrity": "sha512-y/ie+Faknx7sZA5MfGA2xKlu0GDv8RWrXGsmlteyJQ2lvoKv9GBK/fpRMc2qlSoBAgNxrixICFCBefIq8WCQpQ==",
            "engines": {
                "node": "*"
            },
            "funding": {
                "type": "opencollective",
                "url": "https://opencollective.com/bigjs"
            }
        }
    },
    "dependencies": {
        "big.js": {
            "version": "6.2.2",
            "resolved": "https://registry.npmjs.org/big.js/-/big.js-6.2.2.tgz",
            "integrity": "sha512-y/ie+Faknx7sZA5MfGA2xKlu0GDv8RWrXGsmlteyJQ2lvoKv9GBK/fpRMc2qlSoBAgNxrixICFCBefIq8WCQpQ=="
        }
    }
}
