{
    "name": "csfg-interactive-big-number-calculator",
    "version": "1.0.0",
    "lockfileVersion": 2,
    "requires": true,
    "packages": {
        "": {
            "name": "csfg-interactive-big-number-calculator",
            "version": "1.0.0",
            "dependencies": {
                "big.js": "6.2.1"
            }
        },
        "node_modules/big.js": {
            "version": "6.2.1",
            "resolved": "https://registry.npmjs.org/big.js/-/big.js-6.2.1.tgz",
            "integrity": "sha512-bCtHMwL9LeDIozFn+oNhhFoq+yQ3BNdnsLSASUxLciOb1vgvpHsIO1dsENiGMgbb4SkP5TrzWzRiLddn8ahVOQ==",
            "engines": {
                "node": "*"
            },
            "funding": {
                "type": "opencollective",
                "url": "https://opencollective.com/bigjs"
            }
        }
    },
    "dependencies": {
        "big.js": {
            "version": "6.2.1",
            "resolved": "https://registry.npmjs.org/big.js/-/big.js-6.2.1.tgz",
            "integrity": "sha512-bCtHMwL9LeDIozFn+oNhhFoq+yQ3BNdnsLSASUxLciOb1vgvpHsIO1dsENiGMgbb4SkP5TrzWzRiLddn8ahVOQ=="
        }
    }
}
