{
    "name": "csfg-interactive-big-number-calculator",
    "version": "1.0.0",
    "lockfileVersion": 2,
    "requires": true,
    "packages": {
        "": {
            "name": "csfg-interactive-big-number-calculator",
            "version": "1.0.0",
            "dependencies": {
                "big.js": "7.0.1"
            }
        },
        "node_modules/big.js": {
            "version": "7.0.1",
            "resolved": "https://registry.npmjs.org/big.js/-/big.js-7.0.1.tgz",
            "integrity": "sha512-iFgV784tD8kq4ccF1xtNMZnXeZzVuXWWM+ERFzKQjv+A5G9HC8CY3DuV45vgzFFcW+u2tIvmF95+AzWgs6BjCg==",
            "license": "MIT",
            "engines": {
                "node": "*"
            },
            "funding": {
                "type": "opencollective",
                "url": "https://opencollective.com/bigjs"
            }
        }
    },
    "dependencies": {
        "big.js": {
            "version": "7.0.1",
            "resolved": "https://registry.npmjs.org/big.js/-/big.js-7.0.1.tgz",
            "integrity": "sha512-iFgV784tD8kq4ccF1xtNMZnXeZzVuXWWM+ERFzKQjv+A5G9HC8CY3DuV45vgzFFcW+u2tIvmF95+AzWgs6BjCg=="
        }
    }
}
