{
    "name": "csfg-interactive-matrix-simplifier",
    "version": "1.0.0",
    "lockfileVersion": 2,
    "requires": true,
    "packages": {
        "": {
            "name": "csfg-interactive-matrix-simplifier",
            "version": "1.0.0",
            "dependencies": {
                "dragula": "3.7.3",
                "mathjs": "6.0.3",
                "sprintf-js": "1.1.2"
            }
        },
        "node_modules/atoa": {
            "version": "1.0.0",
            "resolved": "https://registry.npmjs.org/atoa/-/atoa-1.0.0.tgz",
            "integrity": "sha512-VVE1H6cc4ai+ZXo/CRWoJiHXrA1qfA31DPnx6D20+kSI547hQN5Greh51LQ1baMRMfxO5K5M4ImMtZbZt2DODQ=="
        },
        "node_modules/complex.js": {
            "version": "2.0.11",
            "resolved": "https://registry.npmjs.org/complex.js/-/complex.js-2.0.11.tgz",
            "integrity": "sha512-6IArJLApNtdg1P1dFtn3dnyzoZBEF0MwMnrfF1exSBRpZYoy4yieMkpZhQDC0uwctw48vii0CFVyHfpgZ/DfGw==",
            "engines": {
                "node": "*"
            }
        },
        "node_modules/contra": {
            "version": "1.9.4",
            "resolved": "https://registry.npmjs.org/contra/-/contra-1.9.4.tgz",
            "integrity": "sha512-N9ArHAqwR/lhPq4OdIAwH4e1btn6EIZMAz4TazjnzCiVECcWUPTma+dRAM38ERImEJBh8NiCCpjoQruSZ+agYg==",
            "dependencies": {
                "atoa": "1.0.0",
                "ticky": "1.0.1"
            }
        },
        "node_modules/crossvent": {
            "version": "1.5.5",
            "resolved": "https://registry.npmjs.org/crossvent/-/crossvent-1.5.5.tgz",
            "integrity": "sha512-MY4xhBYEnVi+pmTpHCOCsCLYczc0PVtGdPBz6NXNXxikLaUZo4HdAeUb1UqAo3t3yXAloSelTmfxJ+/oUqkW5w==",
            "dependencies": {
                "custom-event": "^1.0.0"
            }
        },
        "node_modules/custom-event": {
            "version": "1.0.1",
            "resolved": "https://registry.npmjs.org/custom-event/-/custom-event-1.0.1.tgz",
            "integrity": "sha512-GAj5FOq0Hd+RsCGVJxZuKaIDXDf3h6GQoNEjFgbLLI/trgtavwUbSnZ5pVfg27DVCaWjIohryS0JFwIJyT2cMg=="
        },
        "node_modules/decimal.js": {
            "version": "10.2.0",
            "resolved": "https://registry.npmjs.org/decimal.js/-/decimal.js-10.2.0.tgz",
            "integrity": "sha512-vDPw+rDgn3bZe1+F/pyEwb1oMG2XTlRVgAa6B4KccTEpYgF8w6eQllVbQcfIJnZyvzFtFpxnpGtx8dd7DJp/Rw=="
        },
        "node_modules/dragula": {
            "version": "3.7.3",
            "resolved": "https://registry.npmjs.org/dragula/-/dragula-3.7.3.tgz",
            "integrity": "sha512-/rRg4zRhcpf81TyDhaHLtXt6sEywdfpv1cRUMeFFy7DuypH2U0WUL0GTdyAQvXegviT4PJK4KuMmOaIDpICseQ==",
            "dependencies": {
                "contra": "1.9.4",
                "crossvent": "1.5.5"
            }
        },
        "node_modules/escape-latex": {
            "version": "1.2.0",
            "resolved": "https://registry.npmjs.org/escape-latex/-/escape-latex-1.2.0.tgz",
            "integrity": "sha512-nV5aVWW1K0wEiUIEdZ4erkGGH8mDxGyxSeqPzRNtWP7ataw+/olFObw7hujFWlVjNsaDFw5VZ5NzVSIqRgfTiw=="
        },
        "node_modules/fraction.js": {
            "version": "4.0.12",
            "resolved": "https://registry.npmjs.org/fraction.js/-/fraction.js-4.0.12.tgz",
            "integrity": "sha512-8Z1K0VTG4hzYY7kA/1sj4/r1/RWLBD3xwReT/RCrUCbzPszjNQCCsy3ktkU/eaEqX3MYa4pY37a52eiBlPMlhA==",
            "engines": {
                "node": "*"
            }
        },
        "node_modules/javascript-natural-sort": {
            "version": "0.7.1",
            "resolved": "https://registry.npmjs.org/javascript-natural-sort/-/javascript-natural-sort-0.7.1.tgz",
            "integrity": "sha512-nO6jcEfZWQXDhOiBtG2KvKyEptz7RVbpGP4vTD2hLBdmNQSsCiicO2Ioinv6UI4y9ukqnBpy+XZ9H6uLNgJTlw=="
        },
        "node_modules/mathjs": {
            "version": "6.0.3",
            "resolved": "https://registry.npmjs.org/mathjs/-/mathjs-6.0.3.tgz",
            "integrity": "sha512-BkXSjaWg0Dkwf6S3Cs7bLorei96ltYtCxNoTaLCZcH7OK+T+RgpobH86bTKD9oRI1hABXfuom/vf/RGI9CTfHA==",
            "dependencies": {
                "complex.js": "2.0.11",
                "decimal.js": "10.2.0",
                "escape-latex": "1.2.0",
                "fraction.js": "4.0.12",
                "javascript-natural-sort": "0.7.1",
                "seed-random": "2.2.0",
                "tiny-emitter": "2.1.0",
                "typed-function": "1.1.0"
            },
            "bin": {
                "mathjs": "bin/cli.js"
            },
            "engines": {
                "node": ">= 8"
            }
        },
        "node_modules/seed-random": {
            "version": "2.2.0",
            "resolved": "https://registry.npmjs.org/seed-random/-/seed-random-2.2.0.tgz",
            "integrity": "sha512-34EQV6AAHQGhoc0tn/96a9Fsi6v2xdqe/dMUwljGRaFOzR3EgRmECvD0O8vi8X+/uQ50LGHfkNu/Eue5TPKZkQ=="
        },
        "node_modules/sprintf-js": {
            "version": "1.1.2",
            "resolved": "https://registry.npmjs.org/sprintf-js/-/sprintf-js-1.1.2.tgz",
            "integrity": "sha512-VE0SOVEHCk7Qc8ulkWw3ntAzXuqf7S2lvwQaDLRnUeIEaKNQJzV6BwmLKhOqT61aGhfUMrXeaBk+oDGCzvhcug=="
        },
        "node_modules/ticky": {
            "version": "1.0.1",
            "resolved": "https://registry.npmjs.org/ticky/-/ticky-1.0.1.tgz",
            "integrity": "sha512-RX35iq/D+lrsqhcPWIazM9ELkjOe30MSeoBHQHSsRwd1YuhJO5ui1K1/R0r7N3mFvbLBs33idw+eR6j+w6i/DA=="
        },
        "node_modules/tiny-emitter": {
            "version": "2.1.0",
            "resolved": "https://registry.npmjs.org/tiny-emitter/-/tiny-emitter-2.1.0.tgz",
            "integrity": "sha512-NB6Dk1A9xgQPMoGqC5CVXn123gWyte215ONT5Pp5a0yt4nlEoO1ZWeCwpncaekPHXO60i47ihFnZPiRPjRMq4Q=="
        },
        "node_modules/typed-function": {
            "version": "1.1.0",
            "resolved": "https://registry.npmjs.org/typed-function/-/typed-function-1.1.0.tgz",
            "integrity": "sha512-TuQzwiT4DDg19beHam3E66oRXhyqlyfgjHB/5fcvsRXbfmWPJfto9B4a0TBdTrQAPGlGmXh/k7iUI+WsObgORA==",
            "engines": {
                "node": ">= 6"
            }
        }
    },
    "dependencies": {
        "atoa": {
            "version": "1.0.0",
            "resolved": "https://registry.npmjs.org/atoa/-/atoa-1.0.0.tgz",
            "integrity": "sha512-VVE1H6cc4ai+ZXo/CRWoJiHXrA1qfA31DPnx6D20+kSI547hQN5Greh51LQ1baMRMfxO5K5M4ImMtZbZt2DODQ=="
        },
        "complex.js": {
            "version": "2.0.11",
            "resolved": "https://registry.npmjs.org/complex.js/-/complex.js-2.0.11.tgz",
            "integrity": "sha512-6IArJLApNtdg1P1dFtn3dnyzoZBEF0MwMnrfF1exSBRpZYoy4yieMkpZhQDC0uwctw48vii0CFVyHfpgZ/DfGw=="
        },
        "contra": {
            "version": "1.9.4",
            "resolved": "https://registry.npmjs.org/contra/-/contra-1.9.4.tgz",
            "integrity": "sha512-N9ArHAqwR/lhPq4OdIAwH4e1btn6EIZMAz4TazjnzCiVECcWUPTma+dRAM38ERImEJBh8NiCCpjoQruSZ+agYg==",
            "requires": {
                "atoa": "1.0.0",
                "ticky": "1.0.1"
            }
        },
        "crossvent": {
            "version": "1.5.5",
            "resolved": "https://registry.npmjs.org/crossvent/-/crossvent-1.5.5.tgz",
            "integrity": "sha512-MY4xhBYEnVi+pmTpHCOCsCLYczc0PVtGdPBz6NXNXxikLaUZo4HdAeUb1UqAo3t3yXAloSelTmfxJ+/oUqkW5w==",
            "requires": {
                "custom-event": "^1.0.0"
            }
        },
        "custom-event": {
            "version": "1.0.1",
            "resolved": "https://registry.npmjs.org/custom-event/-/custom-event-1.0.1.tgz",
            "integrity": "sha512-GAj5FOq0Hd+RsCGVJxZuKaIDXDf3h6GQoNEjFgbLLI/trgtavwUbSnZ5pVfg27DVCaWjIohryS0JFwIJyT2cMg=="
        },
        "decimal.js": {
            "version": "10.2.0",
            "resolved": "https://registry.npmjs.org/decimal.js/-/decimal.js-10.2.0.tgz",
            "integrity": "sha512-vDPw+rDgn3bZe1+F/pyEwb1oMG2XTlRVgAa6B4KccTEpYgF8w6eQllVbQcfIJnZyvzFtFpxnpGtx8dd7DJp/Rw=="
        },
        "dragula": {
            "version": "3.7.3",
            "resolved": "https://registry.npmjs.org/dragula/-/dragula-3.7.3.tgz",
            "integrity": "sha512-/rRg4zRhcpf81TyDhaHLtXt6sEywdfpv1cRUMeFFy7DuypH2U0WUL0GTdyAQvXegviT4PJK4KuMmOaIDpICseQ==",
            "requires": {
                "contra": "1.9.4",
                "crossvent": "1.5.5"
            }
        },
        "escape-latex": {
            "version": "1.2.0",
            "resolved": "https://registry.npmjs.org/escape-latex/-/escape-latex-1.2.0.tgz",
            "integrity": "sha512-nV5aVWW1K0wEiUIEdZ4erkGGH8mDxGyxSeqPzRNtWP7ataw+/olFObw7hujFWlVjNsaDFw5VZ5NzVSIqRgfTiw=="
        },
        "fraction.js": {
            "version": "4.0.12",
            "resolved": "https://registry.npmjs.org/fraction.js/-/fraction.js-4.0.12.tgz",
            "integrity": "sha512-8Z1K0VTG4hzYY7kA/1sj4/r1/RWLBD3xwReT/RCrUCbzPszjNQCCsy3ktkU/eaEqX3MYa4pY37a52eiBlPMlhA=="
        },
        "javascript-natural-sort": {
            "version": "0.7.1",
            "resolved": "https://registry.npmjs.org/javascript-natural-sort/-/javascript-natural-sort-0.7.1.tgz",
            "integrity": "sha512-nO6jcEfZWQXDhOiBtG2KvKyEptz7RVbpGP4vTD2hLBdmNQSsCiicO2Ioinv6UI4y9ukqnBpy+XZ9H6uLNgJTlw=="
        },
        "mathjs": {
            "version": "6.0.3",
            "resolved": "https://registry.npmjs.org/mathjs/-/mathjs-6.0.3.tgz",
            "integrity": "sha512-BkXSjaWg0Dkwf6S3Cs7bLorei96ltYtCxNoTaLCZcH7OK+T+RgpobH86bTKD9oRI1hABXfuom/vf/RGI9CTfHA==",
            "requires": {
                "complex.js": "2.0.11",
                "decimal.js": "10.2.0",
                "escape-latex": "1.2.0",
                "fraction.js": "4.0.12",
                "javascript-natural-sort": "0.7.1",
                "seed-random": "2.2.0",
                "tiny-emitter": "2.1.0",
                "typed-function": "1.1.0"
            }
        },
        "seed-random": {
            "version": "2.2.0",
            "resolved": "https://registry.npmjs.org/seed-random/-/seed-random-2.2.0.tgz",
            "integrity": "sha512-34EQV6AAHQGhoc0tn/96a9Fsi6v2xdqe/dMUwljGRaFOzR3EgRmECvD0O8vi8X+/uQ50LGHfkNu/Eue5TPKZkQ=="
        },
        "sprintf-js": {
            "version": "1.1.2",
            "resolved": "https://registry.npmjs.org/sprintf-js/-/sprintf-js-1.1.2.tgz",
            "integrity": "sha512-VE0SOVEHCk7Qc8ulkWw3ntAzXuqf7S2lvwQaDLRnUeIEaKNQJzV6BwmLKhOqT61aGhfUMrXeaBk+oDGCzvhcug=="
        },
        "ticky": {
            "version": "1.0.1",
            "resolved": "https://registry.npmjs.org/ticky/-/ticky-1.0.1.tgz",
            "integrity": "sha512-RX35iq/D+lrsqhcPWIazM9ELkjOe30MSeoBHQHSsRwd1YuhJO5ui1K1/R0r7N3mFvbLBs33idw+eR6j+w6i/DA=="
        },
        "tiny-emitter": {
            "version": "2.1.0",
            "resolved": "https://registry.npmjs.org/tiny-emitter/-/tiny-emitter-2.1.0.tgz",
            "integrity": "sha512-NB6Dk1A9xgQPMoGqC5CVXn123gWyte215ONT5Pp5a0yt4nlEoO1ZWeCwpncaekPHXO60i47ihFnZPiRPjRMq4Q=="
        },
        "typed-function": {
            "version": "1.1.0",
            "resolved": "https://registry.npmjs.org/typed-function/-/typed-function-1.1.0.tgz",
            "integrity": "sha512-TuQzwiT4DDg19beHam3E66oRXhyqlyfgjHB/5fcvsRXbfmWPJfto9B4a0TBdTrQAPGlGmXh/k7iUI+WsObgORA=="
        }
    }
}
