{
    "name": "csfg-interactive-viola-jones-face-detector",
    "version": "1.0.0",
    "lockfileVersion": 2,
    "requires": true,
    "packages": {
        "": {
            "name": "csfg-interactive-viola-jones-face-detector",
            "version": "1.0.0",
            "dependencies": {
                "interactjs": "1.10.27",
                "tracking": "1.1.3"
            }
        },
        "node_modules/@interactjs/types": {
            "version": "1.10.27",
            "resolved": "https://registry.npmjs.org/@interactjs/types/-/types-1.10.27.tgz",
            "integrity": "sha512-BUdv0cvs4H5ODuwft2Xp4eL8Vmi3LcihK42z0Ft/FbVJZoRioBsxH+LlsBdK4tAie7PqlKGy+1oyOncu1nQ6eA=="
        },
        "node_modules/interactjs": {
            "version": "1.10.27",
            "resolved": "https://registry.npmjs.org/interactjs/-/interactjs-1.10.27.tgz",
            "integrity": "sha512-y/8RcCftGAF24gSp76X2JS3XpHiUvDQyhF8i7ujemBz77hwiHDuJzftHx7thY8cxGogwGiPJ+o97kWB6eAXnsA==",
            "dependencies": {
                "@interactjs/types": "1.10.27"
            }
        },
        "node_modules/tracking": {
            "version": "1.1.3",
            "resolved": "https://registry.npmjs.org/tracking/-/tracking-1.1.3.tgz",
            "integrity": "sha512-XS9CVMzjp6AHT5e7oRamU8U5Lz3k6BIRTkBVs0XqepwgwXQ4kbbmxrWzTG2v6RMvJC/9MKuSBQiX/5hwsQFcCQ=="
        }
    },
    "dependencies": {
        "@interactjs/types": {
            "version": "1.10.27",
            "resolved": "https://registry.npmjs.org/@interactjs/types/-/types-1.10.27.tgz",
            "integrity": "sha512-BUdv0cvs4H5ODuwft2Xp4eL8Vmi3LcihK42z0Ft/FbVJZoRioBsxH+LlsBdK4tAie7PqlKGy+1oyOncu1nQ6eA=="
        },
        "interactjs": {
            "version": "1.10.27",
            "resolved": "https://registry.npmjs.org/interactjs/-/interactjs-1.10.27.tgz",
            "integrity": "sha512-y/8RcCftGAF24gSp76X2JS3XpHiUvDQyhF8i7ujemBz77hwiHDuJzftHx7thY8cxGogwGiPJ+o97kWB6eAXnsA==",
            "requires": {
                "@interactjs/types": "1.10.27"
            }
        },
        "tracking": {
            "version": "1.1.3",
            "resolved": "https://registry.npmjs.org/tracking/-/tracking-1.1.3.tgz",
            "integrity": "sha512-XS9CVMzjp6AHT5e7oRamU8U5Lz3k6BIRTkBVs0XqepwgwXQ4kbbmxrWzTG2v6RMvJC/9MKuSBQiX/5hwsQFcCQ=="
        }
    }
}
