{
    "name": "csfg-interactive-viola-jones-face-detector",
    "version": "1.0.0",
    "lockfileVersion": 2,
    "requires": true,
    "packages": {
        "": {
            "name": "csfg-interactive-viola-jones-face-detector",
            "version": "1.0.0",
            "dependencies": {
                "interactjs": "1.10.21",
                "tracking": "1.1.3"
            }
        },
        "node_modules/@interactjs/types": {
            "version": "1.10.21",
            "resolved": "https://registry.npmjs.org/@interactjs/types/-/types-1.10.21.tgz",
            "integrity": "sha512-U5N3eg9m3rLO9PrQkAaLKsSlCTRxpuMyhPBdMpicPH09icW/kIjLWQcDa3tP/I57zG0yxG6zBFREAcrjyIB3Bw=="
        },
        "node_modules/interactjs": {
            "version": "1.10.21",
            "resolved": "https://registry.npmjs.org/interactjs/-/interactjs-1.10.21.tgz",
            "integrity": "sha512-85GdTHci8W7gFzSPfV26x69LA3Gnl64NbVYDTfw0Jo4rVvH4WAGBNjM5xV2UJwMvusmJLo2XkJDK5k7IsU87bA==",
            "dependencies": {
                "@interactjs/types": "1.10.21"
            }
        },
        "node_modules/tracking": {
            "version": "1.1.3",
            "resolved": "https://registry.npmjs.org/tracking/-/tracking-1.1.3.tgz",
            "integrity": "sha512-XS9CVMzjp6AHT5e7oRamU8U5Lz3k6BIRTkBVs0XqepwgwXQ4kbbmxrWzTG2v6RMvJC/9MKuSBQiX/5hwsQFcCQ=="
        }
    },
    "dependencies": {
        "@interactjs/types": {
            "version": "1.10.21",
            "resolved": "https://registry.npmjs.org/@interactjs/types/-/types-1.10.21.tgz",
            "integrity": "sha512-U5N3eg9m3rLO9PrQkAaLKsSlCTRxpuMyhPBdMpicPH09icW/kIjLWQcDa3tP/I57zG0yxG6zBFREAcrjyIB3Bw=="
        },
        "interactjs": {
            "version": "1.10.21",
            "resolved": "https://registry.npmjs.org/interactjs/-/interactjs-1.10.21.tgz",
            "integrity": "sha512-85GdTHci8W7gFzSPfV26x69LA3Gnl64NbVYDTfw0Jo4rVvH4WAGBNjM5xV2UJwMvusmJLo2XkJDK5k7IsU87bA==",
            "requires": {
                "@interactjs/types": "1.10.21"
            }
        },
        "tracking": {
            "version": "1.1.3",
            "resolved": "https://registry.npmjs.org/tracking/-/tracking-1.1.3.tgz",
            "integrity": "sha512-XS9CVMzjp6AHT5e7oRamU8U5Lz3k6BIRTkBVs0XqepwgwXQ4kbbmxrWzTG2v6RMvJC/9MKuSBQiX/5hwsQFcCQ=="
        }
    }
}
