{
    "name": "csfg-interactive-scene-editor",
    "version": "1.0.0",
    "lockfileVersion": 2,
    "requires": true,
    "packages": {
        "": {
            "name": "csfg-interactive-scene-editor",
            "version": "1.0.0",
            "dependencies": {
                "mathjs": "11.5.1",
                "sprintf-js": "1.1.2",
                "three": "0.150.0",
                "three-orbit-controls": "82.1.0"
            }
        },
        "node_modules/@babel/runtime": {
            "version": "7.21.0",
            "resolved": "https://registry.npmjs.org/@babel/runtime/-/runtime-7.21.0.tgz",
            "integrity": "sha512-xwII0//EObnq89Ji5AKYQaRYiW/nZ3llSv29d49IuxPhKbtJoLP+9QUUZ4nVragQVtaVGeZrpB+ZtG/Pdy/POw==",
            "dependencies": {
                "regenerator-runtime": "^0.13.11"
            },
            "engines": {
                "node": ">=6.9.0"
            }
        },
        "node_modules/complex.js": {
            "version": "2.1.1",
            "resolved": "https://registry.npmjs.org/complex.js/-/complex.js-2.1.1.tgz",
            "integrity": "sha512-8njCHOTtFFLtegk6zQo0kkVX1rngygb/KQI6z1qZxlFI3scluC+LVTCFbrkWjBv4vvLlbQ9t88IPMC6k95VTTg==",
            "engines": {
                "node": "*"
            },
            "funding": {
                "type": "patreon",
                "url": "https://www.patreon.com/infusion"
            }
        },
        "node_modules/decimal.js": {
            "version": "10.4.3",
            "resolved": "https://registry.npmjs.org/decimal.js/-/decimal.js-10.4.3.tgz",
            "integrity": "sha512-VBBaLc1MgL5XpzgIP7ny5Z6Nx3UrRkIViUkPUdtl9aya5amy3De1gsUUSB1g3+3sExYNjCAsAznmukyxCb1GRA=="
        },
        "node_modules/escape-latex": {
            "version": "1.2.0",
            "resolved": "https://registry.npmjs.org/escape-latex/-/escape-latex-1.2.0.tgz",
            "integrity": "sha512-nV5aVWW1K0wEiUIEdZ4erkGGH8mDxGyxSeqPzRNtWP7ataw+/olFObw7hujFWlVjNsaDFw5VZ5NzVSIqRgfTiw=="
        },
        "node_modules/fraction.js": {
            "version": "4.2.0",
            "resolved": "https://registry.npmjs.org/fraction.js/-/fraction.js-4.2.0.tgz",
            "integrity": "sha512-MhLuK+2gUcnZe8ZHlaaINnQLl0xRIGRfcGk2yl8xoQAfHrSsL3rYu6FCmBdkdbhc9EPlwyGHewaRsvwRMJtAlA==",
            "engines": {
                "node": "*"
            },
            "funding": {
                "type": "patreon",
                "url": "https://www.patreon.com/infusion"
            }
        },
        "node_modules/javascript-natural-sort": {
            "version": "0.7.1",
            "resolved": "https://registry.npmjs.org/javascript-natural-sort/-/javascript-natural-sort-0.7.1.tgz",
            "integrity": "sha512-nO6jcEfZWQXDhOiBtG2KvKyEptz7RVbpGP4vTD2hLBdmNQSsCiicO2Ioinv6UI4y9ukqnBpy+XZ9H6uLNgJTlw=="
        },
        "node_modules/mathjs": {
            "version": "11.5.1",
            "resolved": "https://registry.npmjs.org/mathjs/-/mathjs-11.5.1.tgz",
            "integrity": "sha512-9r35KHkpywim2hfYhJS3QHnKS7u61CODQcYPbJZ6Rov2jXDOAun07mM+8a7SRsJKfiMxtWWMJeiHQXTEnnHyoQ==",
            "dependencies": {
                "@babel/runtime": "^7.20.13",
                "complex.js": "^2.1.1",
                "decimal.js": "^10.4.3",
                "escape-latex": "^1.2.0",
                "fraction.js": "^4.2.0",
                "javascript-natural-sort": "^0.7.1",
                "seedrandom": "^3.0.5",
                "tiny-emitter": "^2.1.0",
                "typed-function": "^4.1.0"
            },
            "bin": {
                "mathjs": "bin/cli.js"
            },
            "engines": {
                "node": ">= 14"
            }
        },
        "node_modules/regenerator-runtime": {
            "version": "0.13.11",
            "resolved": "https://registry.npmjs.org/regenerator-runtime/-/regenerator-runtime-0.13.11.tgz",
            "integrity": "sha512-kY1AZVr2Ra+t+piVaJ4gxaFaReZVH40AKNo7UCX6W+dEwBo/2oZJzqfuN1qLq1oL45o56cPaTXELwrTh8Fpggg=="
        },
        "node_modules/seedrandom": {
            "version": "3.0.5",
            "resolved": "https://registry.npmjs.org/seedrandom/-/seedrandom-3.0.5.tgz",
            "integrity": "sha512-8OwmbklUNzwezjGInmZ+2clQmExQPvomqjL7LFqOYqtmuxRgQYqOD3mHaU+MvZn5FLUeVxVfQjwLZW/n/JFuqg=="
        },
        "node_modules/sprintf-js": {
            "version": "1.1.2",
            "resolved": "https://registry.npmjs.org/sprintf-js/-/sprintf-js-1.1.2.tgz",
            "integrity": "sha512-VE0SOVEHCk7Qc8ulkWw3ntAzXuqf7S2lvwQaDLRnUeIEaKNQJzV6BwmLKhOqT61aGhfUMrXeaBk+oDGCzvhcug=="
        },
        "node_modules/three": {
            "version": "0.150.0",
            "resolved": "https://registry.npmjs.org/three/-/three-0.150.0.tgz",
            "integrity": "sha512-12oqqBZom9fb5HtX3rD8qPVnamojuiN5Os7r0x8s3HQ+WHRwnEyzl2XU3aEKocsDkG++rkE9+HWzx77O59NXtw=="
        },
        "node_modules/three-orbit-controls": {
            "version": "82.1.0",
            "resolved": "https://registry.npmjs.org/three-orbit-controls/-/three-orbit-controls-82.1.0.tgz",
            "integrity": "sha512-hIWxGoHqIbeq0S2lA14m9VRzo7SamKKVJ9mKMT/rdh0Qa3nV5Umvhlx4zsHl0Y6jLKVZhjatJfeD/K08Tr/g4A=="
        },
        "node_modules/tiny-emitter": {
            "version": "2.1.0",
            "resolved": "https://registry.npmjs.org/tiny-emitter/-/tiny-emitter-2.1.0.tgz",
            "integrity": "sha512-NB6Dk1A9xgQPMoGqC5CVXn123gWyte215ONT5Pp5a0yt4nlEoO1ZWeCwpncaekPHXO60i47ihFnZPiRPjRMq4Q=="
        },
        "node_modules/typed-function": {
            "version": "4.1.0",
            "resolved": "https://registry.npmjs.org/typed-function/-/typed-function-4.1.0.tgz",
            "integrity": "sha512-DGwUl6cioBW5gw2L+6SMupGwH/kZOqivy17E4nsh1JI9fKF87orMmlQx3KISQPmg3sfnOUGlwVkroosvgddrlg==",
            "engines": {
                "node": ">= 14"
            }
        }
    },
    "dependencies": {
        "@babel/runtime": {
            "version": "7.21.0",
            "resolved": "https://registry.npmjs.org/@babel/runtime/-/runtime-7.21.0.tgz",
            "integrity": "sha512-xwII0//EObnq89Ji5AKYQaRYiW/nZ3llSv29d49IuxPhKbtJoLP+9QUUZ4nVragQVtaVGeZrpB+ZtG/Pdy/POw==",
            "requires": {
                "regenerator-runtime": "^0.13.11"
            }
        },
        "complex.js": {
            "version": "2.1.1",
            "resolved": "https://registry.npmjs.org/complex.js/-/complex.js-2.1.1.tgz",
            "integrity": "sha512-8njCHOTtFFLtegk6zQo0kkVX1rngygb/KQI6z1qZxlFI3scluC+LVTCFbrkWjBv4vvLlbQ9t88IPMC6k95VTTg=="
        },
        "decimal.js": {
            "version": "10.4.3",
            "resolved": "https://registry.npmjs.org/decimal.js/-/decimal.js-10.4.3.tgz",
            "integrity": "sha512-VBBaLc1MgL5XpzgIP7ny5Z6Nx3UrRkIViUkPUdtl9aya5amy3De1gsUUSB1g3+3sExYNjCAsAznmukyxCb1GRA=="
        },
        "escape-latex": {
            "version": "1.2.0",
            "resolved": "https://registry.npmjs.org/escape-latex/-/escape-latex-1.2.0.tgz",
            "integrity": "sha512-nV5aVWW1K0wEiUIEdZ4erkGGH8mDxGyxSeqPzRNtWP7ataw+/olFObw7hujFWlVjNsaDFw5VZ5NzVSIqRgfTiw=="
        },
        "fraction.js": {
            "version": "4.2.0",
            "resolved": "https://registry.npmjs.org/fraction.js/-/fraction.js-4.2.0.tgz",
            "integrity": "sha512-MhLuK+2gUcnZe8ZHlaaINnQLl0xRIGRfcGk2yl8xoQAfHrSsL3rYu6FCmBdkdbhc9EPlwyGHewaRsvwRMJtAlA=="
        },
        "javascript-natural-sort": {
            "version": "0.7.1",
            "resolved": "https://registry.npmjs.org/javascript-natural-sort/-/javascript-natural-sort-0.7.1.tgz",
            "integrity": "sha512-nO6jcEfZWQXDhOiBtG2KvKyEptz7RVbpGP4vTD2hLBdmNQSsCiicO2Ioinv6UI4y9ukqnBpy+XZ9H6uLNgJTlw=="
        },
        "mathjs": {
            "version": "11.5.1",
            "resolved": "https://registry.npmjs.org/mathjs/-/mathjs-11.5.1.tgz",
            "integrity": "sha512-9r35KHkpywim2hfYhJS3QHnKS7u61CODQcYPbJZ6Rov2jXDOAun07mM+8a7SRsJKfiMxtWWMJeiHQXTEnnHyoQ==",
            "requires": {
                "@babel/runtime": "^7.20.13",
                "complex.js": "^2.1.1",
                "decimal.js": "^10.4.3",
                "escape-latex": "^1.2.0",
                "fraction.js": "^4.2.0",
                "javascript-natural-sort": "^0.7.1",
                "seedrandom": "^3.0.5",
                "tiny-emitter": "^2.1.0",
                "typed-function": "^4.1.0"
            }
        },
        "regenerator-runtime": {
            "version": "0.13.11",
            "resolved": "https://registry.npmjs.org/regenerator-runtime/-/regenerator-runtime-0.13.11.tgz",
            "integrity": "sha512-kY1AZVr2Ra+t+piVaJ4gxaFaReZVH40AKNo7UCX6W+dEwBo/2oZJzqfuN1qLq1oL45o56cPaTXELwrTh8Fpggg=="
        },
        "seedrandom": {
            "version": "3.0.5",
            "resolved": "https://registry.npmjs.org/seedrandom/-/seedrandom-3.0.5.tgz",
            "integrity": "sha512-8OwmbklUNzwezjGInmZ+2clQmExQPvomqjL7LFqOYqtmuxRgQYqOD3mHaU+MvZn5FLUeVxVfQjwLZW/n/JFuqg=="
        },
        "sprintf-js": {
            "version": "1.1.2",
            "resolved": "https://registry.npmjs.org/sprintf-js/-/sprintf-js-1.1.2.tgz",
            "integrity": "sha512-VE0SOVEHCk7Qc8ulkWw3ntAzXuqf7S2lvwQaDLRnUeIEaKNQJzV6BwmLKhOqT61aGhfUMrXeaBk+oDGCzvhcug=="
        },
        "three": {
            "version": "0.150.0",
            "resolved": "https://registry.npmjs.org/three/-/three-0.150.0.tgz",
            "integrity": "sha512-12oqqBZom9fb5HtX3rD8qPVnamojuiN5Os7r0x8s3HQ+WHRwnEyzl2XU3aEKocsDkG++rkE9+HWzx77O59NXtw=="
        },
        "three-orbit-controls": {
            "version": "82.1.0",
            "resolved": "https://registry.npmjs.org/three-orbit-controls/-/three-orbit-controls-82.1.0.tgz",
            "integrity": "sha512-hIWxGoHqIbeq0S2lA14m9VRzo7SamKKVJ9mKMT/rdh0Qa3nV5Umvhlx4zsHl0Y6jLKVZhjatJfeD/K08Tr/g4A=="
        },
        "tiny-emitter": {
            "version": "2.1.0",
            "resolved": "https://registry.npmjs.org/tiny-emitter/-/tiny-emitter-2.1.0.tgz",
            "integrity": "sha512-NB6Dk1A9xgQPMoGqC5CVXn123gWyte215ONT5Pp5a0yt4nlEoO1ZWeCwpncaekPHXO60i47ihFnZPiRPjRMq4Q=="
        },
        "typed-function": {
            "version": "4.1.0",
            "resolved": "https://registry.npmjs.org/typed-function/-/typed-function-4.1.0.tgz",
            "integrity": "sha512-DGwUl6cioBW5gw2L+6SMupGwH/kZOqivy17E4nsh1JI9fKF87orMmlQx3KISQPmg3sfnOUGlwVkroosvgddrlg=="
        }
    }
}
