{
    "name": "csfg-interactive-packet-attack",
    "version": "1.0.0",
    "lockfileVersion": 2,
    "requires": true,
    "packages": {
        "": {
            "name": "csfg-interactive-packet-attack",
            "version": "1.0.0",
            "dependencies": {
                "phaser": "3.60.0"
            }
        },
        "node_modules/eventemitter3": {
            "version": "5.0.0",
            "resolved": "https://registry.npmjs.org/eventemitter3/-/eventemitter3-5.0.0.tgz",
            "integrity": "sha512-riuVbElZZNXLeLEoprfNYoDSwTBRR44X3mnhdI1YcnENpWTCsTTVZ2zFuqQcpoyqPQIUXdiPEU0ECAq0KQRaHg=="
        },
        "node_modules/phaser": {
            "version": "3.60.0",
            "resolved": "https://registry.npmjs.org/phaser/-/phaser-3.60.0.tgz",
            "integrity": "sha512-IKUy35EnoEVcl2EmJ8WOyK4X8OoxHYdlhZLgRGpNrvD1fEagYffhVmwHcapE/tGiLgyrnezmXIo5RrH2NcrTHw==",
            "dependencies": {
                "eventemitter3": "^5.0.0"
            }
        }
    },
    "dependencies": {
        "eventemitter3": {
            "version": "5.0.0",
            "resolved": "https://registry.npmjs.org/eventemitter3/-/eventemitter3-5.0.0.tgz",
            "integrity": "sha512-riuVbElZZNXLeLEoprfNYoDSwTBRR44X3mnhdI1YcnENpWTCsTTVZ2zFuqQcpoyqPQIUXdiPEU0ECAq0KQRaHg=="
        },
        "phaser": {
            "version": "3.60.0",
            "resolved": "https://registry.npmjs.org/phaser/-/phaser-3.60.0.tgz",
            "integrity": "sha512-IKUy35EnoEVcl2EmJ8WOyK4X8OoxHYdlhZLgRGpNrvD1fEagYffhVmwHcapE/tGiLgyrnezmXIo5RrH2NcrTHw==",
            "requires": {
                "eventemitter3": "^5.0.0"
            }
        }
    }
}
