{
    "name": "csfg-interactive-packet-attack",
    "version": "1.0.0",
    "lockfileVersion": 2,
    "requires": true,
    "packages": {
        "": {
            "name": "csfg-interactive-packet-attack",
            "version": "1.0.0",
            "dependencies": {
                "phaser": "3.80.1"
            }
        },
        "node_modules/eventemitter3": {
            "version": "5.0.1",
            "resolved": "https://registry.npmjs.org/eventemitter3/-/eventemitter3-5.0.1.tgz",
            "integrity": "sha512-GWkBvjiSZK87ELrYOSESUYeVIc9mvLLf/nXalMOS5dYrgZq9o5OVkbZAVM06CVxYsCwH9BDZFPlQTlPA1j4ahA=="
        },
        "node_modules/phaser": {
            "version": "3.80.1",
            "resolved": "https://registry.npmjs.org/phaser/-/phaser-3.80.1.tgz",
            "integrity": "sha512-VQGAWoDOkEpAWYkI+PUADv5Ql+SM0xpLuAMBJHz9tBcOLqjJ2wd8bUhxJgOqclQlLTg97NmMd9MhS75w16x1Cw==",
            "dependencies": {
                "eventemitter3": "^5.0.1"
            }
        }
    },
    "dependencies": {
        "eventemitter3": {
            "version": "5.0.1",
            "resolved": "https://registry.npmjs.org/eventemitter3/-/eventemitter3-5.0.1.tgz",
            "integrity": "sha512-GWkBvjiSZK87ELrYOSESUYeVIc9mvLLf/nXalMOS5dYrgZq9o5OVkbZAVM06CVxYsCwH9BDZFPlQTlPA1j4ahA=="
        },
        "phaser": {
            "version": "3.80.1",
            "resolved": "https://registry.npmjs.org/phaser/-/phaser-3.80.1.tgz",
            "integrity": "sha512-VQGAWoDOkEpAWYkI+PUADv5Ql+SM0xpLuAMBJHz9tBcOLqjJ2wd8bUhxJgOqclQlLTg97NmMd9MhS75w16x1Cw==",
            "requires": {
                "eventemitter3": "^5.0.1"
            }
        }
    }
}
