{
    "name": "csfg-interactive-bin-packing",
    "version": "1.0.0",
    "lockfileVersion": 2,
    "requires": true,
    "packages": {
        "": {
            "name": "csfg-interactive-bin-packing",
            "version": "1.0.0",
            "dependencies": {
                "interactjs": "1.10.21"
            }
        },
        "node_modules/@interactjs/types": {
            "version": "1.10.21",
            "resolved": "https://registry.npmjs.org/@interactjs/types/-/types-1.10.21.tgz",
            "integrity": "sha512-U5N3eg9m3rLO9PrQkAaLKsSlCTRxpuMyhPBdMpicPH09icW/kIjLWQcDa3tP/I57zG0yxG6zBFREAcrjyIB3Bw=="
        },
        "node_modules/interactjs": {
            "version": "1.10.21",
            "resolved": "https://registry.npmjs.org/interactjs/-/interactjs-1.10.21.tgz",
            "integrity": "sha512-85GdTHci8W7gFzSPfV26x69LA3Gnl64NbVYDTfw0Jo4rVvH4WAGBNjM5xV2UJwMvusmJLo2XkJDK5k7IsU87bA==",
            "dependencies": {
                "@interactjs/types": "1.10.21"
            }
        }
    },
    "dependencies": {
        "@interactjs/types": {
            "version": "1.10.21",
            "resolved": "https://registry.npmjs.org/@interactjs/types/-/types-1.10.21.tgz",
            "integrity": "sha512-U5N3eg9m3rLO9PrQkAaLKsSlCTRxpuMyhPBdMpicPH09icW/kIjLWQcDa3tP/I57zG0yxG6zBFREAcrjyIB3Bw=="
        },
        "interactjs": {
            "version": "1.10.21",
            "resolved": "https://registry.npmjs.org/interactjs/-/interactjs-1.10.21.tgz",
            "integrity": "sha512-85GdTHci8W7gFzSPfV26x69LA3Gnl64NbVYDTfw0Jo4rVvH4WAGBNjM5xV2UJwMvusmJLo2XkJDK5k7IsU87bA==",
            "requires": {
                "@interactjs/types": "1.10.21"
            }
        }
    }
}
