{
    "name": "csfg-interactive-bin-packing",
    "version": "1.0.0",
    "lockfileVersion": 2,
    "requires": true,
    "packages": {
        "": {
            "name": "csfg-interactive-bin-packing",
            "version": "1.0.0",
            "dependencies": {
                "interactjs": "1.10.26"
            }
        },
        "node_modules/@interactjs/types": {
            "version": "1.10.26",
            "resolved": "https://registry.npmjs.org/@interactjs/types/-/types-1.10.26.tgz",
            "integrity": "sha512-DekYpdkMV3XJVd/0k3f4pJluZAsCiG86yEtVXvGLK0lS/Fj0+OzYEv7HoMpcBZSkQ8s7//yaeEBgnxy2tV81lA=="
        },
        "node_modules/interactjs": {
            "version": "1.10.26",
            "resolved": "https://registry.npmjs.org/interactjs/-/interactjs-1.10.26.tgz",
            "integrity": "sha512-5gNTNDTfEHp2EifqtWGi5VkD3CMZVJSTGmtK/IsVRd+rkOk3E63iVs5Z+IeD5K1Lr0qZpU2754VHAwf5i+Z9xg==",
            "dependencies": {
                "@interactjs/types": "1.10.26"
            }
        }
    },
    "dependencies": {
        "@interactjs/types": {
            "version": "1.10.26",
            "resolved": "https://registry.npmjs.org/@interactjs/types/-/types-1.10.26.tgz",
            "integrity": "sha512-DekYpdkMV3XJVd/0k3f4pJluZAsCiG86yEtVXvGLK0lS/Fj0+OzYEv7HoMpcBZSkQ8s7//yaeEBgnxy2tV81lA=="
        },
        "interactjs": {
            "version": "1.10.26",
            "resolved": "https://registry.npmjs.org/interactjs/-/interactjs-1.10.26.tgz",
            "integrity": "sha512-5gNTNDTfEHp2EifqtWGi5VkD3CMZVJSTGmtK/IsVRd+rkOk3E63iVs5Z+IeD5K1Lr0qZpU2754VHAwf5i+Z9xg==",
            "requires": {
                "@interactjs/types": "1.10.26"
            }
        }
    }
}
