{
    "name": "csfg-interactive-bin-packing",
    "version": "1.0.0",
    "lockfileVersion": 2,
    "requires": true,
    "packages": {
        "": {
            "name": "csfg-interactive-bin-packing",
            "version": "1.0.0",
            "dependencies": {
                "interactjs": "1.10.23"
            }
        },
        "node_modules/@interactjs/types": {
            "version": "1.10.23",
            "resolved": "https://registry.npmjs.org/@interactjs/types/-/types-1.10.23.tgz",
            "integrity": "sha512-8/s1gFVNW60SqFLiFQDsvJuuzICthzyOu52bu8MhLFsxFnhVfng1xzjxi2+UokQULsp0WgBsctIS9bF7se9nJQ=="
        },
        "node_modules/interactjs": {
            "version": "1.10.23",
            "resolved": "https://registry.npmjs.org/interactjs/-/interactjs-1.10.23.tgz",
            "integrity": "sha512-ZnxfYh4QBnWnnCXVOVHEU4r2w01EQMTsLCd71n0mpsItFhV7S/jXycvzgsNvf5I99trBRRwP8RJXU8oy4hRFEw==",
            "dependencies": {
                "@interactjs/types": "1.10.23"
            }
        }
    },
    "dependencies": {
        "@interactjs/types": {
            "version": "1.10.23",
            "resolved": "https://registry.npmjs.org/@interactjs/types/-/types-1.10.23.tgz",
            "integrity": "sha512-8/s1gFVNW60SqFLiFQDsvJuuzICthzyOu52bu8MhLFsxFnhVfng1xzjxi2+UokQULsp0WgBsctIS9bF7se9nJQ=="
        },
        "interactjs": {
            "version": "1.10.23",
            "resolved": "https://registry.npmjs.org/interactjs/-/interactjs-1.10.23.tgz",
            "integrity": "sha512-ZnxfYh4QBnWnnCXVOVHEU4r2w01EQMTsLCd71n0mpsItFhV7S/jXycvzgsNvf5I99trBRRwP8RJXU8oy4hRFEw==",
            "requires": {
                "@interactjs/types": "1.10.23"
            }
        }
    }
}
