{
    "name": "csfg-interactive-product-code-check-digit-calculation",
    "version": "1.0.0",
    "lockfileVersion": 2,
    "requires": true,
    "packages": {
        "": {
            "name": "csfg-interactive-product-code-check-digit-calculation",
            "version": "1.0.0",
            "dependencies": {
                "arrows-svg": "1.5.6",
                "jsbarcode": "3.11.5"
            }
        },
        "node_modules/arrows-svg": {
            "version": "1.5.6",
            "resolved": "https://registry.npmjs.org/arrows-svg/-/arrows-svg-1.5.6.tgz",
            "integrity": "sha512-Ku9qp9TD66VPluZAXF8uvPmcNmvtVdx8hi/exaumKHttpWhmUsNg6AcM1OYq3JrCJeQU7j4A39uyEefnTMt/2w==",
            "dependencies": {
                "preact": "^10.5.7"
            }
        },
        "node_modules/jsbarcode": {
            "version": "3.11.5",
            "resolved": "https://registry.npmjs.org/jsbarcode/-/jsbarcode-3.11.5.tgz",
            "integrity": "sha512-zv3KsH51zD00I/LrFzFSM6dst7rDn0vIMzaiZFL7qusTjPZiPtxg3zxetp0RR7obmjTw4f6NyGgbdkBCgZUIrA==",
            "bin": {
                "auto.js": "bin/barcodes/CODE128/auto.js",
                "Barcode.js": "bin/barcodes/Barcode.js",
                "barcodes": "bin/barcodes",
                "canvas.js": "bin/renderers/canvas.js",
                "checksums.js": "bin/barcodes/MSI/checksums.js",
                "codabar": "bin/barcodes/codabar",
                "CODE128": "bin/barcodes/CODE128",
                "CODE128_AUTO.js": "bin/barcodes/CODE128/CODE128_AUTO.js",
                "CODE128.js": "bin/barcodes/CODE128/CODE128.js",
                "CODE128A.js": "bin/barcodes/CODE128/CODE128A.js",
                "CODE128B.js": "bin/barcodes/CODE128/CODE128B.js",
                "CODE128C.js": "bin/barcodes/CODE128/CODE128C.js",
                "CODE39": "bin/barcodes/CODE39",
                "constants.js": "bin/barcodes/ITF/constants.js",
                "defaults.js": "bin/options/defaults.js",
                "EAN_UPC": "bin/barcodes/EAN_UPC",
                "EAN.js": "bin/barcodes/EAN_UPC/EAN.js",
                "EAN13.js": "bin/barcodes/EAN_UPC/EAN13.js",
                "EAN2.js": "bin/barcodes/EAN_UPC/EAN2.js",
                "EAN5.js": "bin/barcodes/EAN_UPC/EAN5.js",
                "EAN8.js": "bin/barcodes/EAN_UPC/EAN8.js",
                "encoder.js": "bin/barcodes/EAN_UPC/encoder.js",
                "ErrorHandler.js": "bin/exceptions/ErrorHandler.js",
                "exceptions": "bin/exceptions",
                "exceptions.js": "bin/exceptions/exceptions.js",
                "fixOptions.js": "bin/help/fixOptions.js",
                "GenericBarcode": "bin/barcodes/GenericBarcode",
                "getOptionsFromElement.js": "bin/help/getOptionsFromElement.js",
                "getRenderProperties.js": "bin/help/getRenderProperties.js",
                "help": "bin/help",
                "index.js": "bin/renderers/index.js",
                "index.tmp.js": "bin/barcodes/index.tmp.js",
                "ITF": "bin/barcodes/ITF",
                "ITF.js": "bin/barcodes/ITF/ITF.js",
                "ITF14.js": "bin/barcodes/ITF/ITF14.js",
                "JsBarcode.js": "bin/JsBarcode.js",
                "linearizeEncodings.js": "bin/help/linearizeEncodings.js",
                "merge.js": "bin/help/merge.js",
                "MSI": "bin/barcodes/MSI",
                "MSI.js": "bin/barcodes/MSI/MSI.js",
                "MSI10.js": "bin/barcodes/MSI/MSI10.js",
                "MSI1010.js": "bin/barcodes/MSI/MSI1010.js",
                "MSI11.js": "bin/barcodes/MSI/MSI11.js",
                "MSI1110.js": "bin/barcodes/MSI/MSI1110.js",
                "object.js": "bin/renderers/object.js",
                "options": "bin/options",
                "optionsFromStrings.js": "bin/help/optionsFromStrings.js",
                "pharmacode": "bin/barcodes/pharmacode",
                "renderers": "bin/renderers",
                "shared.js": "bin/renderers/shared.js",
                "svg.js": "bin/renderers/svg.js",
                "UPC.js": "bin/barcodes/EAN_UPC/UPC.js",
                "UPCE.js": "bin/barcodes/EAN_UPC/UPCE.js"
            }
        },
        "node_modules/preact": {
            "version": "10.11.3",
            "resolved": "https://registry.npmjs.org/preact/-/preact-10.11.3.tgz",
            "integrity": "sha512-eY93IVpod/zG3uMF22Unl8h9KkrcKIRs2EGar8hwLZZDU1lkjph303V9HZBwufh2s736U6VXuhD109LYqPoffg==",
            "funding": {
                "type": "opencollective",
                "url": "https://opencollective.com/preact"
            }
        }
    },
    "dependencies": {
        "arrows-svg": {
            "version": "1.5.6",
            "resolved": "https://registry.npmjs.org/arrows-svg/-/arrows-svg-1.5.6.tgz",
            "integrity": "sha512-Ku9qp9TD66VPluZAXF8uvPmcNmvtVdx8hi/exaumKHttpWhmUsNg6AcM1OYq3JrCJeQU7j4A39uyEefnTMt/2w==",
            "requires": {
                "preact": "^10.5.7"
            }
        },
        "jsbarcode": {
            "version": "3.11.5",
            "resolved": "https://registry.npmjs.org/jsbarcode/-/jsbarcode-3.11.5.tgz",
            "integrity": "sha512-zv3KsH51zD00I/LrFzFSM6dst7rDn0vIMzaiZFL7qusTjPZiPtxg3zxetp0RR7obmjTw4f6NyGgbdkBCgZUIrA=="
        },
        "preact": {
            "version": "10.11.3",
            "resolved": "https://registry.npmjs.org/preact/-/preact-10.11.3.tgz",
            "integrity": "sha512-eY93IVpod/zG3uMF22Unl8h9KkrcKIRs2EGar8hwLZZDU1lkjph303V9HZBwufh2s736U6VXuhD109LYqPoffg=="
        }
    }
}
