{
    "name": "csfg-interactive-city-trip",
    "version": "1.0.0",
    "lockfileVersion": 2,
    "requires": true,
    "packages": {
        "": {
            "name": "csfg-interactive-city-trip",
            "version": "1.0.0",
            "dependencies": {
                "cytoscape": "3.23.0",
                "cytoscape-automove": "1.10.3",
                "cytoscape-no-overlap": "1.0.1",
                "mathjs": "5.5.0"
            }
        },
        "node_modules/complex.js": {
            "version": "2.0.11",
            "resolved": "https://registry.npmjs.org/complex.js/-/complex.js-2.0.11.tgz",
            "integrity": "sha512-6IArJLApNtdg1P1dFtn3dnyzoZBEF0MwMnrfF1exSBRpZYoy4yieMkpZhQDC0uwctw48vii0CFVyHfpgZ/DfGw==",
            "engines": {
                "node": "*"
            }
        },
        "node_modules/cytoscape": {
            "version": "3.23.0",
            "resolved": "https://registry.npmjs.org/cytoscape/-/cytoscape-3.23.0.tgz",
            "integrity": "sha512-gRZqJj/1kiAVPkrVFvz/GccxsXhF3Qwpptl32gKKypO4IlqnKBjTOu+HbXtEggSGzC5KCaHp3/F7GgENrtsFkA==",
            "dependencies": {
                "heap": "^0.2.6",
                "lodash": "^4.17.21"
            },
            "engines": {
                "node": ">=0.10"
            }
        },
        "node_modules/cytoscape-automove": {
            "version": "1.10.3",
            "resolved": "https://registry.npmjs.org/cytoscape-automove/-/cytoscape-automove-1.10.3.tgz",
            "integrity": "sha512-Byj9RkFolphbSoZ/XAse3ch3i/5mDEwaYAy+s8iEJzbzDsnakxQ4BgaHNm9ydUqq38I3vtM6NSmRMTV2DK9QaA==",
            "peerDependencies": {
                "cytoscape": "^3.2.0"
            }
        },
        "node_modules/cytoscape-no-overlap": {
            "version": "1.0.1",
            "resolved": "https://registry.npmjs.org/cytoscape-no-overlap/-/cytoscape-no-overlap-1.0.1.tgz",
            "integrity": "sha512-fbNqkSvXFJi6JRdDeVFHAuqnQpNObURvaUS763JYnnm1vakjk1D+/ZxjTtVagg24po+InhJNjBeO8CzpsY4EbQ==",
            "dependencies": {
                "user": "0.0.0"
            },
            "peerDependencies": {
                "cytoscape": "^3.2.0"
            }
        },
        "node_modules/decimal.js": {
            "version": "10.0.2",
            "resolved": "https://registry.npmjs.org/decimal.js/-/decimal.js-10.0.2.tgz",
            "integrity": "sha512-qL5tUTXAWjB5cSBfm0V2a4jO5FaDLumCfwc/0f7WaTOT3WU8pIeq2HHrd98eXHtbey4qFWlaPzfml1JWIoO9TQ=="
        },
        "node_modules/escape-latex": {
            "version": "1.2.0",
            "resolved": "https://registry.npmjs.org/escape-latex/-/escape-latex-1.2.0.tgz",
            "integrity": "sha512-nV5aVWW1K0wEiUIEdZ4erkGGH8mDxGyxSeqPzRNtWP7ataw+/olFObw7hujFWlVjNsaDFw5VZ5NzVSIqRgfTiw=="
        },
        "node_modules/fraction.js": {
            "version": "4.0.12",
            "resolved": "https://registry.npmjs.org/fraction.js/-/fraction.js-4.0.12.tgz",
            "integrity": "sha512-8Z1K0VTG4hzYY7kA/1sj4/r1/RWLBD3xwReT/RCrUCbzPszjNQCCsy3ktkU/eaEqX3MYa4pY37a52eiBlPMlhA==",
            "engines": {
                "node": "*"
            }
        },
        "node_modules/heap": {
            "version": "0.2.7",
            "resolved": "https://registry.npmjs.org/heap/-/heap-0.2.7.tgz",
            "integrity": "sha512-2bsegYkkHO+h/9MGbn6KWcE45cHZgPANo5LXF7EvWdT0yT2EguSVO1nDgU5c8+ZOPwp2vMNa7YFsJhVcDR9Sdg=="
        },
        "node_modules/javascript-natural-sort": {
            "version": "0.7.1",
            "resolved": "https://registry.npmjs.org/javascript-natural-sort/-/javascript-natural-sort-0.7.1.tgz",
            "integrity": "sha512-nO6jcEfZWQXDhOiBtG2KvKyEptz7RVbpGP4vTD2hLBdmNQSsCiicO2Ioinv6UI4y9ukqnBpy+XZ9H6uLNgJTlw=="
        },
        "node_modules/lodash": {
            "version": "4.17.21",
            "resolved": "https://registry.npmjs.org/lodash/-/lodash-4.17.21.tgz",
            "integrity": "sha512-v2kDEe57lecTulaDIuNTPy3Ry4gLGJ6Z1O3vE1krgXZNrsQ+LFTGHVxVjcXPs17LhbZVGedAJv8XZ1tvj5FvSg=="
        },
        "node_modules/mathjs": {
            "version": "5.5.0",
            "resolved": "https://registry.npmjs.org/mathjs/-/mathjs-5.5.0.tgz",
            "integrity": "sha512-qvCNNcpPFpk85EYFiY9+jyWClFHBNqQlUQ3zKGy/EuLSicuJCmxEtHEQxThL0macmbgl1dzmenrgDbRpGE3QRg==",
            "dependencies": {
                "complex.js": "2.0.11",
                "decimal.js": "10.0.2",
                "escape-latex": "1.2.0",
                "fraction.js": "4.0.12",
                "javascript-natural-sort": "0.7.1",
                "seed-random": "2.2.0",
                "tiny-emitter": "2.1.0",
                "typed-function": "1.1.0"
            },
            "bin": {
                "mathjs": "bin/cli.js"
            },
            "engines": {
                "node": ">= 6"
            }
        },
        "node_modules/seed-random": {
            "version": "2.2.0",
            "resolved": "https://registry.npmjs.org/seed-random/-/seed-random-2.2.0.tgz",
            "integrity": "sha512-34EQV6AAHQGhoc0tn/96a9Fsi6v2xdqe/dMUwljGRaFOzR3EgRmECvD0O8vi8X+/uQ50LGHfkNu/Eue5TPKZkQ=="
        },
        "node_modules/tiny-emitter": {
            "version": "2.1.0",
            "resolved": "https://registry.npmjs.org/tiny-emitter/-/tiny-emitter-2.1.0.tgz",
            "integrity": "sha512-NB6Dk1A9xgQPMoGqC5CVXn123gWyte215ONT5Pp5a0yt4nlEoO1ZWeCwpncaekPHXO60i47ihFnZPiRPjRMq4Q=="
        },
        "node_modules/typed-function": {
            "version": "1.1.0",
            "resolved": "https://registry.npmjs.org/typed-function/-/typed-function-1.1.0.tgz",
            "integrity": "sha512-TuQzwiT4DDg19beHam3E66oRXhyqlyfgjHB/5fcvsRXbfmWPJfto9B4a0TBdTrQAPGlGmXh/k7iUI+WsObgORA==",
            "engines": {
                "node": ">= 6"
            }
        },
        "node_modules/user": {
            "version": "0.0.0",
            "resolved": "https://registry.npmjs.org/user/-/user-0.0.0.tgz",
            "integrity": "sha512-eRNM5isOvr6aEFAGi1CqAkmLkYxW2NJ5ThhbD+6IJXYKM1mo7Gtxx4mQIveHz/5K3p/SVnlW9k17ETn+QAu8IQ=="
        }
    },
    "dependencies": {
        "complex.js": {
            "version": "2.0.11",
            "resolved": "https://registry.npmjs.org/complex.js/-/complex.js-2.0.11.tgz",
            "integrity": "sha512-6IArJLApNtdg1P1dFtn3dnyzoZBEF0MwMnrfF1exSBRpZYoy4yieMkpZhQDC0uwctw48vii0CFVyHfpgZ/DfGw=="
        },
        "cytoscape": {
            "version": "3.23.0",
            "resolved": "https://registry.npmjs.org/cytoscape/-/cytoscape-3.23.0.tgz",
            "integrity": "sha512-gRZqJj/1kiAVPkrVFvz/GccxsXhF3Qwpptl32gKKypO4IlqnKBjTOu+HbXtEggSGzC5KCaHp3/F7GgENrtsFkA==",
            "requires": {
                "heap": "^0.2.6",
                "lodash": "^4.17.21"
            }
        },
        "cytoscape-automove": {
            "version": "1.10.3",
            "resolved": "https://registry.npmjs.org/cytoscape-automove/-/cytoscape-automove-1.10.3.tgz",
            "integrity": "sha512-Byj9RkFolphbSoZ/XAse3ch3i/5mDEwaYAy+s8iEJzbzDsnakxQ4BgaHNm9ydUqq38I3vtM6NSmRMTV2DK9QaA==",
            "requires": {}
        },
        "cytoscape-no-overlap": {
            "version": "1.0.1",
            "resolved": "https://registry.npmjs.org/cytoscape-no-overlap/-/cytoscape-no-overlap-1.0.1.tgz",
            "integrity": "sha512-fbNqkSvXFJi6JRdDeVFHAuqnQpNObURvaUS763JYnnm1vakjk1D+/ZxjTtVagg24po+InhJNjBeO8CzpsY4EbQ==",
            "requires": {
                "user": "0.0.0"
            }
        },
        "decimal.js": {
            "version": "10.0.2",
            "resolved": "https://registry.npmjs.org/decimal.js/-/decimal.js-10.0.2.tgz",
            "integrity": "sha512-qL5tUTXAWjB5cSBfm0V2a4jO5FaDLumCfwc/0f7WaTOT3WU8pIeq2HHrd98eXHtbey4qFWlaPzfml1JWIoO9TQ=="
        },
        "escape-latex": {
            "version": "1.2.0",
            "resolved": "https://registry.npmjs.org/escape-latex/-/escape-latex-1.2.0.tgz",
            "integrity": "sha512-nV5aVWW1K0wEiUIEdZ4erkGGH8mDxGyxSeqPzRNtWP7ataw+/olFObw7hujFWlVjNsaDFw5VZ5NzVSIqRgfTiw=="
        },
        "fraction.js": {
            "version": "4.0.12",
            "resolved": "https://registry.npmjs.org/fraction.js/-/fraction.js-4.0.12.tgz",
            "integrity": "sha512-8Z1K0VTG4hzYY7kA/1sj4/r1/RWLBD3xwReT/RCrUCbzPszjNQCCsy3ktkU/eaEqX3MYa4pY37a52eiBlPMlhA=="
        },
        "heap": {
            "version": "0.2.7",
            "resolved": "https://registry.npmjs.org/heap/-/heap-0.2.7.tgz",
            "integrity": "sha512-2bsegYkkHO+h/9MGbn6KWcE45cHZgPANo5LXF7EvWdT0yT2EguSVO1nDgU5c8+ZOPwp2vMNa7YFsJhVcDR9Sdg=="
        },
        "javascript-natural-sort": {
            "version": "0.7.1",
            "resolved": "https://registry.npmjs.org/javascript-natural-sort/-/javascript-natural-sort-0.7.1.tgz",
            "integrity": "sha512-nO6jcEfZWQXDhOiBtG2KvKyEptz7RVbpGP4vTD2hLBdmNQSsCiicO2Ioinv6UI4y9ukqnBpy+XZ9H6uLNgJTlw=="
        },
        "lodash": {
            "version": "4.17.21",
            "resolved": "https://registry.npmjs.org/lodash/-/lodash-4.17.21.tgz",
            "integrity": "sha512-v2kDEe57lecTulaDIuNTPy3Ry4gLGJ6Z1O3vE1krgXZNrsQ+LFTGHVxVjcXPs17LhbZVGedAJv8XZ1tvj5FvSg=="
        },
        "mathjs": {
            "version": "5.5.0",
            "resolved": "https://registry.npmjs.org/mathjs/-/mathjs-5.5.0.tgz",
            "integrity": "sha512-qvCNNcpPFpk85EYFiY9+jyWClFHBNqQlUQ3zKGy/EuLSicuJCmxEtHEQxThL0macmbgl1dzmenrgDbRpGE3QRg==",
            "requires": {
                "complex.js": "2.0.11",
                "decimal.js": "10.0.2",
                "escape-latex": "1.2.0",
                "fraction.js": "4.0.12",
                "javascript-natural-sort": "0.7.1",
                "seed-random": "2.2.0",
                "tiny-emitter": "2.1.0",
                "typed-function": "1.1.0"
            }
        },
        "seed-random": {
            "version": "2.2.0",
            "resolved": "https://registry.npmjs.org/seed-random/-/seed-random-2.2.0.tgz",
            "integrity": "sha512-34EQV6AAHQGhoc0tn/96a9Fsi6v2xdqe/dMUwljGRaFOzR3EgRmECvD0O8vi8X+/uQ50LGHfkNu/Eue5TPKZkQ=="
        },
        "tiny-emitter": {
            "version": "2.1.0",
            "resolved": "https://registry.npmjs.org/tiny-emitter/-/tiny-emitter-2.1.0.tgz",
            "integrity": "sha512-NB6Dk1A9xgQPMoGqC5CVXn123gWyte215ONT5Pp5a0yt4nlEoO1ZWeCwpncaekPHXO60i47ihFnZPiRPjRMq4Q=="
        },
        "typed-function": {
            "version": "1.1.0",
            "resolved": "https://registry.npmjs.org/typed-function/-/typed-function-1.1.0.tgz",
            "integrity": "sha512-TuQzwiT4DDg19beHam3E66oRXhyqlyfgjHB/5fcvsRXbfmWPJfto9B4a0TBdTrQAPGlGmXh/k7iUI+WsObgORA=="
        },
        "user": {
            "version": "0.0.0",
            "resolved": "https://registry.npmjs.org/user/-/user-0.0.0.tgz",
            "integrity": "sha512-eRNM5isOvr6aEFAGi1CqAkmLkYxW2NJ5ThhbD+6IJXYKM1mo7Gtxx4mQIveHz/5K3p/SVnlW9k17ETn+QAu8IQ=="
        }
    }
}
